{
	"name": "@sha/random",
	"version": "0.1.0",
	"lockfileVersion": 1,
	"requires": true,
	"dependencies": {
		"@types/faker": {
			"version": "4.1.5",
			"resolved": "https://registry.npmjs.org/@types/faker/-/faker-4.1.5.tgz",
			"integrity": "sha512-YSDqoBEWYGdNk53xSkkb6REaUaVSlIjxIAGjj/nbLzlZOit7kUU+nA2zC2qQkIVO4MQ+3zl4Sz7aw+kbpHHHUQ=="
		},
		"@types/ramda": {
			"version": "0.25.47",
			"resolved": "https://registry.npmjs.org/@types/ramda/-/ramda-0.25.47.tgz",
			"integrity": "sha512-+ffSU83+PR4/cZtNTkUcFkg70sK4GePle7p5h05bQ37ycPumOx/TBpU52bt36GKDlds6tCqXheqPvgC52MMLug=="
		},
		"faker": {
			"version": "4.1.0",
			"resolved": "https://registry.npmjs.org/faker/-/faker-4.1.0.tgz",
			"integrity": "sha1-HkW7vsxndLPBlfrSg1EJxtdIzD8="
		},
		"generate-password": {
			"version": "1.4.1",
			"resolved": "https://registry.npmjs.org/generate-password/-/generate-password-1.4.1.tgz",
			"integrity": "sha512-MwMSkOIKkgYBG3JrquF0m/Rky+pl5jZFNmoroE9bQU5VawFDKdJfxMx1qBthPusx8GQyNWSW0m+Jaw0mZnqApg=="
		},
		"ramda": {
			"version": "0.25.0",
			"resolved": "https://registry.npmjs.org/ramda/-/ramda-0.25.0.tgz",
			"integrity": "sha512-GXpfrYVPwx3K7RQ6aYT8KPS8XViSXUVJT1ONhoKPE9VAleW42YE+U+8VEyGWt41EnEQW7gwecYJriTI0pKoecQ=="
		},
		"uuid": {
			"version": "3.3.2",
			"resolved": "https://registry.npmjs.org/uuid/-/uuid-3.3.2.tgz",
			"integrity": "sha512-yXJmeNaw3DnnKAOKJE51sL/ZaYfWJRl1pK9dr19YFCu0ObS231AB1/LbqTKRAQ5kw8A90rA6fr4riOUpTZvQZA=="
		}
	}
}
